
Microsoft Visual Studio Solution File, Format Version 12.00
# Visual Studio Version 16
VisualStudioVersion = 16.0.31321.278
MinimumVisualStudioVersion = 10.0.40219.1
Project("{FAE04EC0-301F-11D3-BF4B-00C04F79EFBC}") = "Laba8", "Laba8\Laba8.csproj", "{2CF80176-758C-4F7F-B3A9-821B72AFE727}"
EndProject
Project("{FAE04EC0-301F-11D3-BF4B-00C04F79EFBC}") = "standart", "..\..\Laba7\standart\standart\standart.csproj", "{FC188EFD-073A-49FF-A839-519F3038D74C}"
EndProject
Project("{FAE04EC0-301F-11D3-BF4B-00C04F79EFBC}") = "def", "..\..\Laba7\def\def\def.csproj", "{E1E5B5A2-C8B3-4C50-BB62-E45806265E4B}"
EndProject
Global
	GlobalSection(SolutionConfigurationPlatforms) = preSolution
		Debug|Any CPU = Debug|Any CPU
		Release|Any CPU = Release|Any CPU
	EndGlobalSection
	GlobalSection(ProjectConfigurationPlatforms) = postSolution
		{2CF80176-758C-4F7F-B3A9-821B72AFE727}.Debug|Any CPU.ActiveCfg = Debug|Any CPU
		{2CF80176-758C-4F7F-B3A9-821B72AFE727}.Debug|Any CPU.Build.0 = Debug|Any CPU
		{2CF80176-758C-4F7F-B3A9-821B72AFE727}.Release|Any CPU.ActiveCfg = Release|Any CPU
		{2CF80176-758C-4F7F-B3A9-821B72AFE727}.Release|Any CPU.Build.0 = Release|Any CPU
		{FC188EFD-073A-49FF-A839-519F3038D74C}.Debug|Any CPU.ActiveCfg = Debug|Any CPU
		{FC188EFD-073A-49FF-A839-519F3038D74C}.Debug|Any CPU.Build.0 = Debug|Any CPU
		{FC188EFD-073A-49FF-A839-519F3038D74C}.Release|Any CPU.ActiveCfg = Release|Any CPU
		{FC188EFD-073A-49FF-A839-519F3038D74C}.Release|Any CPU.Build.0 = Release|Any CPU
		{E1E5B5A2-C8B3-4C50-BB62-E45806265E4B}.Debug|Any CPU.ActiveCfg = Debug|Any CPU
		{E1E5B5A2-C8B3-4C50-BB62-E45806265E4B}.Debug|Any CPU.Build.0 = Debug|Any CPU
		{E1E5B5A2-C8B3-4C50-BB62-E45806265E4B}.Release|Any CPU.ActiveCfg = Release|Any CPU
		{E1E5B5A2-C8B3-4C50-BB62-E45806265E4B}.Release|Any CPU.Build.0 = Release|Any CPU
	EndGlobalSection
	GlobalSection(SolutionProperties) = preSolution
		HideSolutionNode = FALSE
	EndGlobalSection
	GlobalSection(ExtensibilityGlobals) = postSolution
		SolutionGuid = {5FB3BFBD-84C8-45D8-8DDE-2C70FAEE1B70}
	EndGlobalSection
EndGlobal
